{
    "_meta": {
        "hash": {
            "sha256": "9776db8d524f556bbfa6f8fea452139dd21570b6d1f0bb3492fbe3ac6f8a3e7e"
        },
        "pipfile-spec": 6,
        "requires": {
            "python_version": "3.8"
        },
        "sources": [
            {
                "name": "pypi",
                "url": "https://pypi.org/simple",
                "verify_ssl": true
            }
        ]
    },
    "default": {
        "affine": {
            "hashes": [
                "sha256:2e045def1aa29e613c42e801a7e10e0b9bacfed1a7c6af0cadf8843530a15102",
                "sha256:34b05b070d954c382e56f02c207a372d8a32621a87653cc30cdd31cd7f65799f"
            ],
            "version": "==2.3.0"
        },
        "attrs": {
            "hashes": [
                "sha256:26b54ddbbb9ee1d34d5d3668dd37d6cf74990ab23c828c2888dccdceee395594",
                "sha256:fce7fc47dfc976152e82d53ff92fa0407700c21acd20886a13777a0d20e655dc"
            ],
            "markers": "python_version >= '2.7' and python_version not in '3.0, 3.1, 3.2, 3.3'",
            "version": "==20.2.0"
        },
        "click": {
            "hashes": [
                "sha256:d2b5255c7c6349bc1bd1e59e08cd12acbbd63ce649f2588755783aa94dfb6b1a",
                "sha256:dacca89f4bfadd5de3d7489b7c8a566eee0d3676333fbb50030263894c38c0dc"
            ],
            "markers": "python_version >= '2.7' and python_version not in '3.0, 3.1, 3.2, 3.3, 3.4'",
            "version": "==7.1.2"
        },
        "click-plugins": {
            "hashes": [
                "sha256:46ab999744a9d831159c3411bb0c79346d94a444df9a3a3742e9ed63645f264b",
                "sha256:5d262006d3222f5057fd81e1623d4443e41dcda5dc815c06b442aa3c02889fc8"
            ],
            "version": "==1.1.1"
        },
        "cligj": {
            "hashes": [
                "sha256:20f24ce9abfde3f758aec3399e6811b936b6772f360846c662c19bf5537b4f14",
                "sha256:60c93dda4499562eb87509a8ff3535a7441053b766c9c26bcf874a732f939c7c",
                "sha256:6c7d52d529a78712491974f975c33473f430c0f7beb18c0d7a402a743dcb460a"
            ],
            "version": "==0.5.0"
        },
        "fiona": {
            "hashes": [
                "sha256:2563d9a9f21390a7376556c82d9cef90a20a362949a9c7cb66f4ce63d90b66cd",
                "sha256:4743fd04e3c1d88619e3c1e1266b826427c4e3fcf1286abbda8d3480028781bf",
                "sha256:5558d925d67f5b08d0bdb3d58f3611b2e9d4f070cb9b026bbdd52b6d487d5e03",
                "sha256:716201c21246587f374785bec6d6a20a984fe1f6c2b0e83bf15127eb8f724d0c",
                "sha256:7f101957734898d2ad694be8d2bdd3f3e4f722387d3972c89dcedcae6b6c4bb7",
                "sha256:84131992cc664d531c93d1d4860c4b7ceac0516a2f31b9cd71823889c21fa67d",
                "sha256:c9adb0c4245aec2d642727e027b79b862be4ffa13bdcc65b7ea5f9405cec492c",
                "sha256:cfeed61eb411ddc30f5048c43f3dfc0c03a97603dfa2bdc2ee16d5d063ff24b4",
                "sha256:d38a6ef59087b5a20ad7298608c5392e37705ff14d27b44435e04072bbf6632c",
                "sha256:fcfd8b67403de9b1cc53c045c72542e9f30cb15e617c89c41b928046a9b27daa"
            ],
            "version": "==1.8.17"
        },
        "geopandas": {
            "hashes": [
                "sha256:e28a729e44ac53c1891b54b1aca60e3bc0bb9e88ad0f2be8e301a03b9510f6e2",
                "sha256:ef90a7f5ce9337f412c1dab9e014b4076b639fb7fc0edcf8b57c252c91a096c4"
            ],
            "index": "pypi",
            "version": "==0.8.1"
        },
        "llvmlite": {
            "hashes": [
                "sha256:03f5557f9e52bbaeca60a2e89ae71ca907e2f19a03f75fea73d9d5bbf619654e",
                "sha256:1a31702cc1383893a4c3d8103226207399848aaa4d16633051d0a25d78cfc726",
                "sha256:2e83ca852d002d768523251719865223eae693bdf012720eccd0af95aee798b5",
                "sha256:37b0da8df72d575d57e930efdd8e257c72bb9ceb722403483349fbdb5cadb726",
                "sha256:4eeb747c5c8acb7bafb42ae7a69cf95ed21b26d54e7165bc8468f9e9c8a1ed5e",
                "sha256:53981cde265b2dd489b0efccd2e456ac72b849d46a91a4b6f89b0267488edece",
                "sha256:5d4f8433df3bdb5e008b9766aa6de5854f5c5b29314037d301c92ca12bfb7f1a",
                "sha256:5f181a0aae3367787291cdfd07b703ddbb8b08f394fad64d555db7ea217d0f24",
                "sha256:89b9458b1e1c9b3adb48695ba1bf266dffc7cb381265839113eda5a6102e731d",
                "sha256:9c8aae96f7fba10d9ac864b443d1e8c7ee4765c31569a2b201b3d0b67d8fc596",
                "sha256:b9ffc8a7c44f1726330ad8a6bc97272728212ef0667105259c26396e94a76fbd",
                "sha256:c2b71b560555b9ddbdb50425bbecfb1df2d5153c1b0db47e2d23286deb1c3753",
                "sha256:c5a09728fb98336dd3d0f96aafadb2e3b4ccc3214804f71a02afb9ae40cfcd91",
                "sha256:cc4b5564c644ba438cf2616de4731766d093199299d9c7573f6fe8aa5b2c07c3",
                "sha256:f74e8ae96cb82622f17cad04048f8565a906377d61df31bcb7c82038144aded1",
                "sha256:ff7145e263cccb82e93ec88b30e55b7705ce40cde3bd86de26e83e22734b0632"
            ],
            "markers": "python_version >= '3.6'",
            "version": "==0.33.0"
        },
        "munch": {
            "hashes": [
                "sha256:2d735f6f24d4dba3417fa448cae40c6e896ec1fdab6cdb5e6510999758a4dbd2",
                "sha256:6f44af89a2ce4ed04ff8de41f70b226b984db10a91dcc7b9ac2efc1c77022fdd"
            ],
            "version": "==2.5.0"
        },
        "numba": {
            "hashes": [
                "sha256:24852c21fbf7edf9e000eeec9fbd1b24d1ca17c86ae449b06a3707bcdec95479",
                "sha256:2e17eadf3c5c3cae525ce6d1a71d021dd67a980ce766484a68018d3c7d7cfcab",
                "sha256:38146c10f8457705e74e2e02f0d0d339f4a5143b92cccaa1ef18ae240bcdae4f",
                "sha256:3a4114dc1b9af491235ce30517913afe0a0a226117a924e7361d626f55e0e054",
                "sha256:404809fca5fd71b20096a6eea201c5bcf5255337818d3939f1631ba190a06d1f",
                "sha256:44407fd45655d887b3bb12b9282c0d994c2e7d59ba537e7429349403de6eb8c0",
                "sha256:5848d6bc5604664823a1681b17eb934147b24cfcb4df672be33315ff3f9f7afe",
                "sha256:5caf68ac45eddafc6c4275cc8bae67bdbc246536284821f7894c5a8fabb0c132",
                "sha256:753f400038e74b685ef21edf8218c524a782c269819e074c83fa241e6c6cde0e",
                "sha256:77eba26deda636cf67c1554e2af70063a603b952e181f0570caa3ff1f101c950",
                "sha256:89e81b51b880f9b18c82b7095beaccc6856fcf84ba29c4f0ced42e4e5748a3a7",
                "sha256:925580ec493370206abe9143f96a3e843a1982dbae2f33151a71614ab9aca39d",
                "sha256:943ddf7192a90823485028039cdef5358fddd0f55922c6ab46fe6b74b7335f16",
                "sha256:c98b09d78144da2e5b8c7b690f80d12076a6b8e9af6e3c7f772a08cf04821cc1",
                "sha256:d42e0bdfdb920db7cfc68d49908aba25f51789a9b2497dc4dc889d8df234691d",
                "sha256:d9a8089b9c6905fab7465700caf27757fc32b8011df9c4ea48a261cdb58c1dad",
                "sha256:ddc73deb0637699df4ed678f48d1d73f9397e86b134f6f47868c823241578706",
                "sha256:df5217e05e5612f4df7033a1588b9e55c76dead00faf40ed168f1c62b21d64ad",
                "sha256:e4c0abd4c75b3da824d9601989d97666db6e94011e26e83eb78ac8e723224460"
            ],
            "index": "pypi",
            "version": "==0.50.1"
        },
        "numpy": {
            "hashes": [
                "sha256:04c7d4ebc5ff93d9822075ddb1751ff392a4375e5885299445fcebf877f179d5",
                "sha256:0bfd85053d1e9f60234f28f63d4a5147ada7f432943c113a11afcf3e65d9d4c8",
                "sha256:0c66da1d202c52051625e55a249da35b31f65a81cb56e4c69af0dfb8fb0125bf",
                "sha256:0d310730e1e793527065ad7dde736197b705d0e4c9999775f212b03c44a8484c",
                "sha256:1669ec8e42f169ff715a904c9b2105b6640f3f2a4c4c2cb4920ae8b2785dac65",
                "sha256:2117536e968abb7357d34d754e3733b0d7113d4c9f1d921f21a3d96dec5ff716",
                "sha256:3733640466733441295b0d6d3dcbf8e1ffa7e897d4d82903169529fd3386919a",
                "sha256:4339741994c775396e1a274dba3609c69ab0f16056c1077f18979bec2a2c2e6e",
                "sha256:51ee93e1fac3fe08ef54ff1c7f329db64d8a9c5557e6c8e908be9497ac76374b",
                "sha256:54045b198aebf41bf6bf4088012777c1d11703bf74461d70cd350c0af2182e45",
                "sha256:58d66a6b3b55178a1f8a5fe98df26ace76260a70de694d99577ddeab7eaa9a9d",
                "sha256:59f3d687faea7a4f7f93bd9665e5b102f32f3fa28514f15b126f099b7997203d",
                "sha256:62139af94728d22350a571b7c82795b9d59be77fc162414ada6c8b6a10ef5d02",
                "sha256:7118f0a9f2f617f921ec7d278d981244ba83c85eea197be7c5a4f84af80a9c3c",
                "sha256:7c6646314291d8f5ea900a7ea9c4261f834b5b62159ba2abe3836f4fa6705526",
                "sha256:967c92435f0b3ba37a4257c48b8715b76741410467e2bdb1097e8391fccfae15",
                "sha256:9a3001248b9231ed73894c773142658bab914645261275f675d86c290c37f66d",
                "sha256:aba1d5daf1144b956bc87ffb87966791f5e9f3e1f6fab3d7f581db1f5b598f7a",
                "sha256:addaa551b298052c16885fc70408d3848d4e2e7352de4e7a1e13e691abc734c1",
                "sha256:b594f76771bc7fc8a044c5ba303427ee67c17a09b36e1fa32bde82f5c419d17a",
                "sha256:c35a01777f81e7333bcf276b605f39c872e28295441c265cd0c860f4b40148c1",
                "sha256:cebd4f4e64cfe87f2039e4725781f6326a61f095bc77b3716502bed812b385a9",
                "sha256:d526fa58ae4aead839161535d59ea9565863bb0b0bdb3cc63214613fb16aced4",
                "sha256:d7ac33585e1f09e7345aa902c281bd777fdb792432d27fca857f39b70e5dd31c",
                "sha256:e6ddbdc5113628f15de7e4911c02aed74a4ccff531842c583e5032f6e5a179bd",
                "sha256:eb25c381d168daf351147713f49c626030dcff7a393d5caa62515d415a6071d8"
            ],
            "markers": "python_version >= '3.6'",
            "version": "==1.19.2"
        },
        "pandas": {
            "hashes": [
                "sha256:02f1e8f71cd994ed7fcb9a35b6ddddeb4314822a0e09a9c5b2d278f8cb5d4096",
                "sha256:13f75fb18486759da3ff40f5345d9dd20e7d78f2a39c5884d013456cec9876f0",
                "sha256:35b670b0abcfed7cad76f2834041dcf7ae47fd9b22b63622d67cdc933d79f453",
                "sha256:4c73f373b0800eb3062ffd13d4a7a2a6d522792fa6eb204d67a4fad0a40f03dc",
                "sha256:5759edf0b686b6f25a5d4a447ea588983a33afc8a0081a0954184a4a87fd0dd7",
                "sha256:5a7cf6044467c1356b2b49ef69e50bf4d231e773c3ca0558807cdba56b76820b",
                "sha256:69c5d920a0b2a9838e677f78f4dde506b95ea8e4d30da25859db6469ded84fa8",
                "sha256:8778a5cc5a8437a561e3276b85367412e10ae9fff07db1eed986e427d9a674f8",
                "sha256:9871ef5ee17f388f1cb35f76dc6106d40cb8165c562d573470672f4cdefa59ef",
                "sha256:9c31d52f1a7dd2bb4681d9f62646c7aa554f19e8e9addc17e8b1b20011d7522d",
                "sha256:ab8173a8efe5418bbe50e43f321994ac6673afc5c7c4839014cf6401bbdd0705",
                "sha256:ae961f1f0e270f1e4e2273f6a539b2ea33248e0e3a11ffb479d757918a5e03a9",
                "sha256:b3c4f93fcb6e97d993bf87cdd917883b7dab7d20c627699f360a8fb49e9e0b91",
                "sha256:c9410ce8a3dee77653bc0684cfa1535a7f9c291663bd7ad79e39f5ab58f67ab3",
                "sha256:f69e0f7b7c09f1f612b1f8f59e2df72faa8a6b41c5a436dde5b615aaf948f107",
                "sha256:faa42a78d1350b02a7d2f0dbe3c80791cf785663d6997891549d0f86dc49125e"
            ],
            "index": "pypi",
            "version": "==1.0.5"
        },
        "pygeos": {
            "hashes": [
                "sha256:0dbb816ebede8bb87f4e4c87c2303b9ed9e4281f8c4cac2263e7e2ac2271a8dc",
                "sha256:2761fcbaaa22bb71787bf5c87fd4172c519a8b785859c83e50e52a0558f8e396",
                "sha256:3bd0e326ab9081038719deaa44f117c8d396f560df371fac160403ebbafa7648",
                "sha256:440c61514dba22a0775c76ffb8b10cca6ce1cf659f8ff917fa2d434d65770068",
                "sha256:5513839e85662f2dca01e58dae2e6f0635d7ce5d6818284504b3414d053c2783",
                "sha256:75bbb025e798146e21d676bbaacc98f6206715d64140bd0d48b383c51d741803",
                "sha256:79bf18d5e9b3f7b58f7b10d2e6277a5c5002855f42b549d796dca495698e19ed",
                "sha256:7a7bb256071e78eb7c293ed2455f29f1ca88939a2262b48361617c5945e9d6fb",
                "sha256:7d0c6c336f835aafc822861c23c59c6b50a53505d0fd6ac5f37cfb7bac0c63c1",
                "sha256:9170f0b2c2ca5e4f9f73060ec9e390d7494d41513acdbe42a5becf3ba4034104",
                "sha256:a7124af0af8b53c751204daef7dc22720ca3e1f1465556766598f1d6028e06d5",
                "sha256:b5d1e7ed1905c2c6a1e54d216b1f9f37cd8c8ed00eeb53cdd9d878375d74009b",
                "sha256:bc0e707750f813b7460a61e6ce33361e00845fe9ee0ceacbeaa2e892ace68330",
                "sha256:d2d549f2ffba5ed29cdf499f7e6b390603f964021892c94e567810c5ee3296a1",
                "sha256:dd39660031fd6b489fde5d46481d927da0228f80a75438a0b27f4049d0fd9ae6",
                "sha256:ffacef4bb16873dd00fa243b68b8f04817814a247dfc2e04bd75572b3d8b609e"
            ],
            "index": "pypi",
            "version": "==0.7.1"
        },
        "pyparsing": {
            "hashes": [
                "sha256:c203ec8783bf771a155b207279b9bccb8dea02d8f0c9e5f8ead507bc3246ecc1",
                "sha256:ef9d7589ef3c200abe66653d3f1ab1033c3c419ae9b9bdb1240a85b024efc88b"
            ],
            "markers": "python_version >= '2.6' and python_version not in '3.0, 3.1, 3.2'",
            "version": "==2.4.7"
        },
        "pyproj": {
            "hashes": [
                "sha256:2518d1606e2229b82318e704b40290e02a2a52d77b40cdcb2978973d6fc27b20",
                "sha256:33a5d1cfbb40a019422eb80709a0e270704390ecde7278fdc0b88f3647c56a39",
                "sha256:33c1c2968a4f4f87d517c4275a18b557e5c13907cf2609371fadea8463c3ba05",
                "sha256:3fef83a01c1e86dd9fa99d8214f749837cfafc34d9d6230b4b0a998fa7a68a1a",
                "sha256:451a3d1c563b672458029ebc04acbb3266cd8b3025268eb871a9176dc3638911",
                "sha256:457ad3856014ac26af1d86def6dc8cf69c1fa377b6e2fd6e97912d51cf66bdbe",
                "sha256:4f5b02b4abbd41610397c635b275a8ee4a2b5bc72a75572b98ac6ae7befa471e",
                "sha256:6a212d0e5c7efa33d039f0c8b0a489e2204fcd28b56206567852ad7f5f2a653e",
                "sha256:6f3f36440ea61f5f6da4e6beb365dddcbe159815450001d9fb753545affa45ff",
                "sha256:93cbad7b699e8e80def7de80c350617f35e6a0b82862f8ce3c014657c25fdb3c",
                "sha256:9f097e8f341a162438918e908be86d105a28194ff6224633b2e9616c5031153f",
                "sha256:a13e5731b3a360ee7fbd1e9199ec9203fafcece8ebd0b1351f16d0a90cad6828",
                "sha256:a6ac4861979cd05a0f5400fefa41d26c0269a5fb8237618aef7c998907db39e1",
                "sha256:a8b7c8accdc61dac8e91acab7c1f7b4590d1e102f2ee9b1f1e6399fad225958e",
                "sha256:adacb67a9f71fb54ca1b887a6ab20f32dd536fcdf2acec84a19e25ad768f7965",
                "sha256:bc2f3a15d065e206d63edd2cc4739aa0a35c05338ee276ab1dc72f56f1944bda",
                "sha256:cbf6ccf990860b06c5262ff97c4b78e1d07883981635cd53a6aa438a68d92945",
                "sha256:d87836be6b720fb4d9c112136aa47621b6ca09a554e645c1081561eb8e2fa1f4",
                "sha256:d90a5d1fdd066b0e9b22409b0f5e81933469918fa04c2cf7f9a76ce84cb29dad",
                "sha256:daf2998e3f5bcdd579a18faf009f37f53538e9b7d0a252581a610297d31e8536",
                "sha256:e015f900b4b84e908f8035ab16ebf02d67389c1c216c17a2196fc2e515c00762",
                "sha256:e50d5d20b87758acf8f13f39a3b3eb21d5ef32339d2bc8cdeb8092416e0051df",
                "sha256:f5a8015c74ec8f6508aebf493b58ba20ccb4da8168bf05f0c2a37faccb518da9"
            ],
            "markers": "python_version >= '3.5'",
            "version": "==2.6.1.post1"
        },
        "python-dateutil": {
            "hashes": [
                "sha256:73ebfe9dbf22e832286dafa60473e4cd239f8592f699aa5adaf10050e6e1823c",
                "sha256:75bb3f31ea686f1197762692a9ee6a7550b59fc6ca3a1f4b5d7e32fb98e2da2a"
            ],
            "markers": "python_version >= '2.7' and python_version not in '3.0, 3.1, 3.2'",
            "version": "==2.8.1"
        },
        "pytz": {
            "hashes": [
                "sha256:a494d53b6d39c3c6e44c3bec237336e14305e4f29bbf800b599253057fbb79ed",
                "sha256:c35965d010ce31b23eeb663ed3cc8c906275d6be1a34393a1d73a41febf4a048"
            ],
            "version": "==2020.1"
        },
        "rasterio": {
            "hashes": [
                "sha256:03c8bb7be4bb2d808be81ade0391b222dd870c593aebffd361b168d3b8015615",
                "sha256:39269f8f22a040301d7e7f335bce806aa4f8246cdc5be39ec51ed11389b4b3eb",
                "sha256:5663bbe5fff1684d031c86e99f4610bc068ad3d9f48b79993ac177e6013200b4",
                "sha256:6fc016a95ec207fb1091365dd33e207cc26321316d98b3b110d4338d64cd5567",
                "sha256:754e6653bd6b7998af9f530dfd2d26da33bfe5c7ea6f4cc6c6d38152952c35cb",
                "sha256:7ffd1e03706f47587a9a6e580cc8f814a83aa8bebafaaeffe15fa0ab664ff815",
                "sha256:b9b753748a634140609171b4a8009e85cf859c4815d58f76a44b94a661d35364",
                "sha256:cf68a574500ec1f7d29c9ea353d0d0536255c4a805a17d80db2cc5fe597c312e",
                "sha256:ebe75c71f9257c780615caaec8ef81fa4602702cf9290a65c213e1639284acc9",
                "sha256:ecc314d110a7d6185a58097cf2b02fc918196ed441d764df2afe72b221259c22"
            ],
            "index": "pypi",
            "version": "==1.1.5"
        },
        "rasterstats": {
            "hashes": [
                "sha256:3b9c8de46125ac262187099962fa1b987797fca4e34180aabf8a688a6aa15044",
                "sha256:d554fbc7e749e5649dfcdbd7ea8e21c7388437bc66ef13fde9ef3662a258b277"
            ],
            "index": "pypi",
            "version": "==0.15.0"
        },
        "richdem": {
            "hashes": [
                "sha256:0c5988b58bea942a31ea9f5c5502a6a34aacad5cd1ab6b5e32ac627630a36b9b",
                "sha256:346d6a7f2e23e9743be8a34682247d630f0695db5f48f2f706ee2080ccd42d04",
                "sha256:52ba15f974110e967318c96878cb1d9f9be2370133327319454650fb6464b45c",
                "sha256:5fc6c48b34554ec97e68918bdd9dd51fc35de1f8f5fa29bc436c67093981167d",
                "sha256:6064292d3205db589aead92b901aac9d7b37c90ea6a3a205e6799ba158c03efc",
                "sha256:68a2cabcbcb99be22140e16a9474d5d92d427cf5744c1aeb07ca722645673260",
                "sha256:68c69364dac7a9dba0abe21ff1e4f415a4c4388b1416e492a8fadb798e625c31",
                "sha256:6f5901c8b322dbd87938fc8b56b42663d49bda27f905347b67a50460d610ed85",
                "sha256:7601f868da4863466c4de436fc0bcd9c591407d98f8201a69f8a403485eca87e",
                "sha256:7ef3dc0d3f890b3697f2070448d07961543620c16fda26b000f872c742c7750f",
                "sha256:a9d3119ca8e25aa73039c94816f68ac2e1c33dc8ef02b0467c090d44243a7ad1",
                "sha256:d0ab9b14f01b5f0e00410ca8d380779bf9a7dd46c78806bb6fb0cfa85abfba9e",
                "sha256:ffa5cf547b0af2e2900caa3af5ff5738f73954b72d63b1fcb1ab83c3036fa335"
            ],
            "index": "pypi",
            "version": "==0.3.4"
        },
        "shapely": {
            "hashes": [
                "sha256:11090bd5b5f11d54e1924a11198226971dab6f392c2e5a3c74514857f764b971",
                "sha256:1af407c58e7898a511ad01dc6e7c2099493071d939340553686b27513db6478e",
                "sha256:2154b9f25c5f13785cb05ce80b2c86e542bc69671193743f29c9f4c791c35db3",
                "sha256:234c5424d61d8b263d6d20045f5f32437819627ca57c1ea0c08368013b49824b",
                "sha256:29be7767a32df19e2186288cee63e539b386a35139524dc22eeceb244d0b092b",
                "sha256:2a2d37105c1d6d936f829de6c1c4ec8d43484d7b8bae8493bdd4267140dce650",
                "sha256:3793b09cbd86fe297193b365cbaf58b2f7d1ddeb273213185b2ddbab360e54ae",
                "sha256:4acbd566544c33bbc58c7dd264638ff3b91a57d9b162693c37520ea60d13668d",
                "sha256:50f96eb9993b6d841aac0addb84ea5f9da81c3fa97e1ec67c11964c8bb4fa0a5",
                "sha256:640e8a82b5f69ccd14e7520dd66d1247cf362096586e663ef9b8098cc0cb272b",
                "sha256:7554b1acd64a34d78189ab2f691bac967e0d9b38a4f345044552f9dcf3f92149",
                "sha256:7e9b01e89712fd988f931721fa36298e06a02eedf87fe7a7fd704d08f74c00f1",
                "sha256:9c62a9f7adceaa3110f2ec359c70dddd1640191609e91029e4d307e63fc8a5af",
                "sha256:a6c07b3b87455d107b0e4097889e9aba80a0812abf32a322a133af819b85d68a",
                "sha256:ae9a2da2b30c0b42029337854f78c71c28d285d254efd5f3be3700d997bfd18e",
                "sha256:b845a97f8366cc4aca197c3b04304cc301d9250518123155732da6a0e0575b49",
                "sha256:cc0fb1851b59473d2fa2f257f1e35740875af3f402c4575b4115028234e6f2eb",
                "sha256:e21a9fe1a416463ff11ae037766fe410526c95700b9e545372475d2361cc951e",
                "sha256:f7eb83fb36755edcbeb76fb367104efdf980307536c38ef610cb2e1a321defe0"
            ],
            "index": "pypi",
            "version": "==1.7.0"
        },
        "simplejson": {
            "hashes": [
                "sha256:034550078a11664d77bc1a8364c90bb7eef0e44c2dbb1fd0a4d92e3997088667",
                "sha256:05b43d568300c1cd43f95ff4bfcff984bc658aa001be91efb3bb21df9d6288d3",
                "sha256:0dd9d9c738cb008bfc0862c9b8fa6743495c03a0ed543884bf92fb7d30f8d043",
                "sha256:10fc250c3edea4abc15d930d77274ddb8df4803453dde7ad50c2f5565a18a4bb",
                "sha256:2862beabfb9097a745a961426fe7daf66e1714151da8bb9a0c430dde3d59c7c0",
                "sha256:292c2e3f53be314cc59853bd20a35bf1f965f3bc121e007ab6fd526ed412a85d",
                "sha256:2d3eab2c3fe52007d703a26f71cf649a8c771fcdd949a3ae73041ba6797cfcf8",
                "sha256:2e7b57c2c146f8e4dadf84977a83f7ee50da17c8861fd7faf694d55e3274784f",
                "sha256:311f5dc2af07361725033b13cc3d0351de3da8bede3397d45650784c3f21fbcf",
                "sha256:344e2d920a7f27b4023c087ab539877a1e39ce8e3e90b867e0bfa97829824748",
                "sha256:3fabde09af43e0cbdee407555383063f8b45bfb52c361bc5da83fcffdb4fd278",
                "sha256:42b8b8dd0799f78e067e2aaae97e60d58a8f63582939af60abce4c48631a0aa4",
                "sha256:4b3442249d5e3893b90cb9f72c7d6ce4d2ea144d2c0d9f75b9ae1e5460f3121a",
                "sha256:55d65f9cc1b733d85ef95ab11f559cce55c7649a2160da2ac7a078534da676c8",
                "sha256:5c659a0efc80aaaba57fcd878855c8534ecb655a28ac8508885c50648e6e659d",
                "sha256:72d8a3ffca19a901002d6b068cf746be85747571c6a7ba12cbcf427bfb4ed971",
                "sha256:75ecc79f26d99222a084fbdd1ce5aad3ac3a8bd535cd9059528452da38b68841",
                "sha256:76ac9605bf2f6d9b56abf6f9da9047a8782574ad3531c82eae774947ae99cc3f",
                "sha256:7d276f69bfc8c7ba6c717ba8deaf28f9d3c8450ff0aa8713f5a3280e232be16b",
                "sha256:7f10f8ba9c1b1430addc7dd385fc322e221559d3ae49b812aebf57470ce8de45",
                "sha256:8042040af86a494a23c189b5aa0ea9433769cc029707833f261a79c98e3375f9",
                "sha256:813846738277729d7db71b82176204abc7fdae2f566e2d9fcf874f9b6472e3e6",
                "sha256:845a14f6deb124a3bcb98a62def067a67462a000e0508f256f9c18eff5847efc",
                "sha256:869a183c8e44bc03be1b2bbcc9ec4338e37fa8557fc506bf6115887c1d3bb956",
                "sha256:8acf76443cfb5c949b6e781c154278c059b09ac717d2757a830c869ba000cf8d",
                "sha256:8f713ea65958ef40049b6c45c40c206ab363db9591ff5a49d89b448933fa5746",
                "sha256:934115642c8ba9659b402c8bdbdedb48651fb94b576e3b3efd1ccb079609b04a",
                "sha256:9551f23e09300a9a528f7af20e35c9f79686d46d646152a0c8fc41d2d074d9b0",
                "sha256:9a2b7543559f8a1c9ed72724b549d8cc3515da7daf3e79813a15bdc4a769de25",
                "sha256:a55c76254d7cf8d4494bc508e7abb993a82a192d0db4552421e5139235604625",
                "sha256:ad8f41c2357b73bc9e8606d2fa226233bf4d55d85a8982ecdfd55823a6959995",
                "sha256:af4868da7dd53296cd7630687161d53a7ebe2e63814234631445697bd7c29f46",
                "sha256:afebfc3dd3520d37056f641969ce320b071bc7a0800639c71877b90d053e087f",
                "sha256:b59aa298137ca74a744c1e6e22cfc0bf9dca3a2f41f51bc92eb05695155d905a",
                "sha256:bc00d1210567a4cdd215ac6e17dc00cb9893ee521cee701adfd0fa43f7c73139",
                "sha256:c1cb29b1fced01f97e6d5631c3edc2dadb424d1f4421dad079cb13fc97acb42f",
                "sha256:c94dc64b1a389a416fc4218cd4799aa3756f25940cae33530a4f7f2f54f166da",
                "sha256:ceaa28a5bce8a46a130cd223e895080e258a88d51bf6e8de2fc54a6ef7e38c34",
                "sha256:cff6453e25204d3369c47b97dd34783ca820611bd334779d22192da23784194b",
                "sha256:d0b64409df09edb4c365d95004775c988259efe9be39697d7315c42b7a5e7e94",
                "sha256:d4813b30cb62d3b63ccc60dd12f2121780c7a3068db692daeb90f989877aaf04",
                "sha256:da3c55cdc66cfc3fffb607db49a42448785ea2732f055ac1549b69dcb392663b",
                "sha256:e058c7656c44fb494a11443191e381355388443d543f6fc1a245d5d238544396",
                "sha256:fed0f22bf1313ff79c7fc318f7199d6c2f96d4de3234b2f12a1eab350e597c06",
                "sha256:ffd4e4877a78c84d693e491b223385e0271278f5f4e1476a4962dca6824ecfeb"
            ],
            "markers": "python_version >= '2.5' and python_version not in '3.0, 3.1, 3.2'",
            "version": "==3.17.2"
        },
        "six": {
            "hashes": [
                "sha256:30639c035cdb23534cd4aa2dd52c3bf48f06e5f4a941509c8bafd8ce11080259",
                "sha256:8b74bedcbbbaca38ff6d7491d76f2b06b3592611af620f8426e82dddb04a5ced"
            ],
            "markers": "python_version >= '2.7' and python_version not in '3.0, 3.1, 3.2'",
            "version": "==1.15.0"
        },
        "snuggs": {
            "hashes": [
                "sha256:501cf113fe3892e14e2fee76da5cd0606b7e149c411c271898e6259ebde2617b",
                "sha256:988dde5d4db88e9d71c99457404773dabcc7a1c45971bfbe81900999942d9f07"
            ],
            "version": "==1.4.7"
        },
        "tqdm": {
            "hashes": [
                "sha256:6baa75a88582b1db6d34ce4690da5501d2a1cb65c34664840a456b2c9f794d29",
                "sha256:fcb7cb5b729b60a27f300b15c1ffd4744f080fb483b88f31dc8654b082cc8ea5"
            ],
            "index": "pypi",
            "version": "==4.48.0"
        }
    },
    "develop": {}
}
