{
    "_meta": {
        "hash": {
            "sha256": "1841813bbeb191194ba8ff8cb71f181573c7685c03fbfd7a083ae21ca0808b65"
        },
        "pipfile-spec": 6,
        "requires": {
            "python_version": "3.10"
        },
        "sources": [
            {
                "name": "pypi",
                "url": "https://pypi.org/simple",
                "verify_ssl": true
            }
        ]
    },
    "default": {
        "affine": {
            "hashes": [
                "sha256:8a3df80e2b2378aef598a83c1392efd47967afec4242021a0b06b4c7cbc61a92",
                "sha256:a24d818d6a836c131976d22f8c27b8d3ca32d0af64c1d8d29deb7bafa4da1eea"
            ],
            "markers": "python_version >= '3.7'",
            "version": "==2.4.0"
        },
        "attrs": {
            "hashes": [
                "sha256:1f28b4522cdc2fb4256ac1a020c78acf9cba2c6b461ccd2c126f3aa8e8335d04",
                "sha256:6279836d581513a26f1bf235f9acd333bc9115683f14f7e8fae46c98fc50e015"
            ],
            "markers": "python_version >= '3.7'",
            "version": "==23.1.0"
        },
        "certifi": {
            "hashes": [
                "sha256:0f0d56dc5a6ad56fd4ba36484d6cc34451e1c6548c61daad8c320169f91eddc7",
                "sha256:c6c2e98f5c7869efca1f8916fed228dd91539f9f1b444c314c06eef02980c716"
            ],
            "markers": "python_version >= '3.6'",
            "version": "==2023.5.7"
        },
        "click": {
            "hashes": [
                "sha256:7682dc8afb30297001674575ea00d1814d808d6a36af415a82bd481d37ba7b8e",
                "sha256:bb4d8133cb15a609f44e8213d9b391b0809795062913b383c62be0ee95b1db48"
            ],
            "markers": "python_version >= '3.7'",
            "version": "==8.1.3"
        },
        "click-plugins": {
            "hashes": [
                "sha256:46ab999744a9d831159c3411bb0c79346d94a444df9a3a3742e9ed63645f264b",
                "sha256:5d262006d3222f5057fd81e1623d4443e41dcda5dc815c06b442aa3c02889fc8"
            ],
            "version": "==1.1.1"
        },
        "cligj": {
            "hashes": [
                "sha256:a4bc13d623356b373c2c27c53dbd9c68cae5d526270bfa71f6c6fa69669c6b27",
                "sha256:c1ca117dbce1fe20a5809dc96f01e1c2840f6dcc939b3ddbb1111bf330ba82df"
            ],
            "markers": "python_version >= '2.7' and python_version not in '3.0, 3.1, 3.2, 3.3' and python_version < '4'",
            "version": "==0.7.2"
        },
        "numpy": {
            "hashes": [
                "sha256:0ec87a7084caa559c36e0a2309e4ecb1baa03b687201d0a847c8b0ed476a7187",
                "sha256:1a7d6acc2e7524c9955e5c903160aa4ea083736fde7e91276b0e5d98e6332812",
                "sha256:202de8f38fc4a45a3eea4b63e2f376e5f2dc64ef0fa692838e31a808520efaf7",
                "sha256:210461d87fb02a84ef243cac5e814aad2b7f4be953b32cb53327bb49fd77fbb4",
                "sha256:2d926b52ba1367f9acb76b0df6ed21f0b16a1ad87c6720a1121674e5cf63e2b6",
                "sha256:352ee00c7f8387b44d19f4cada524586f07379c0d49270f87233983bc5087ca0",
                "sha256:35400e6a8d102fd07c71ed7dcadd9eb62ee9a6e84ec159bd48c28235bbb0f8e4",
                "sha256:3c1104d3c036fb81ab923f507536daedc718d0ad5a8707c6061cdfd6d184e570",
                "sha256:4719d5aefb5189f50887773699eaf94e7d1e02bf36c1a9d353d9f46703758ca4",
                "sha256:4749e053a29364d3452c034827102ee100986903263e89884922ef01a0a6fd2f",
                "sha256:5342cf6aad47943286afa6f1609cad9b4266a05e7f2ec408e2cf7aea7ff69d80",
                "sha256:56e48aec79ae238f6e4395886b5eaed058abb7231fb3361ddd7bfdf4eed54289",
                "sha256:76e3f4e85fc5d4fd311f6e9b794d0c00e7002ec122be271f2019d63376f1d385",
                "sha256:7776ea65423ca6a15255ba1872d82d207bd1e09f6d0894ee4a64678dd2204078",
                "sha256:784c6da1a07818491b0ffd63c6bbe5a33deaa0e25a20e1b3ea20cf0e43f8046c",
                "sha256:8535303847b89aa6b0f00aa1dc62867b5a32923e4d1681a35b5eef2d9591a463",
                "sha256:9a7721ec204d3a237225db3e194c25268faf92e19338a35f3a224469cb6039a3",
                "sha256:a1d3c026f57ceaad42f8231305d4653d5f05dc6332a730ae5c0bea3513de0950",
                "sha256:ab344f1bf21f140adab8e47fdbc7c35a477dc01408791f8ba00d018dd0bc5155",
                "sha256:ab5f23af8c16022663a652d3b25dcdc272ac3f83c3af4c02eb8b824e6b3ab9d7",
                "sha256:ae8d0be48d1b6ed82588934aaaa179875e7dc4f3d84da18d7eae6eb3f06c242c",
                "sha256:c91c4afd8abc3908e00a44b2672718905b8611503f7ff87390cc0ac3423fb096",
                "sha256:d5036197ecae68d7f491fcdb4df90082b0d4960ca6599ba2659957aafced7c17",
                "sha256:d6cc757de514c00b24ae8cf5c876af2a7c3df189028d68c0cb4eaa9cd5afc2bf",
                "sha256:d933fabd8f6a319e8530d0de4fcc2e6a61917e0b0c271fded460032db42a0fe4",
                "sha256:ea8282b9bcfe2b5e7d491d0bf7f3e2da29700cec05b49e64d6246923329f2b02",
                "sha256:ecde0f8adef7dfdec993fd54b0f78183051b6580f606111a6d789cd14c61ea0c",
                "sha256:f21c442fdd2805e91799fbe044a7b999b8571bb0ab0f7850d0cb9641a687092b"
            ],
            "markers": "python_version >= '3.10'",
            "version": "==1.24.3"
        },
        "pandas": {
            "hashes": [
                "sha256:02755de164da6827764ceb3bbc5f64b35cb12394b1024fdf88704d0fa06e0e2f",
                "sha256:0a1e0576611641acde15c2322228d138258f236d14b749ad9af498ab69089e2d",
                "sha256:1eb09a242184092f424b2edd06eb2b99d06dc07eeddff9929e8667d4ed44e181",
                "sha256:30a89d0fec4263ccbf96f68592fd668939481854d2ff9da709d32a047689393b",
                "sha256:50e451932b3011b61d2961b4185382c92cc8c6ee4658dcd4f320687bb2d000ee",
                "sha256:51a93d422fbb1bd04b67639ba4b5368dffc26923f3ea32a275d2cc450f1d1c86",
                "sha256:598e9020d85a8cdbaa1815eb325a91cfff2bb2b23c1442549b8a3668e36f0f77",
                "sha256:66d00300f188fa5de73f92d5725ced162488f6dc6ad4cecfe4144ca29debe3b8",
                "sha256:69167693cb8f9b3fc060956a5d0a0a8dbfed5f980d9fd2c306fb5b9c855c814c",
                "sha256:6d6d10c2142d11d40d6e6c0a190b1f89f525bcf85564707e31b0a39e3b398e08",
                "sha256:713f2f70abcdade1ddd68fc91577cb090b3544b07ceba78a12f799355a13ee44",
                "sha256:7376e13d28eb16752c398ca1d36ccfe52bf7e887067af9a0474de6331dd948d2",
                "sha256:77550c8909ebc23e56a89f91b40ad01b50c42cfbfab49b3393694a50549295ea",
                "sha256:7b21cb72958fc49ad757685db1919021d99650d7aaba676576c9e88d3889d456",
                "sha256:9ebb9f1c22ddb828e7fd017ea265a59d80461d5a79154b49a4207bd17514d122",
                "sha256:a18e5c72b989ff0f7197707ceddc99828320d0ca22ab50dd1b9e37db45b010c0",
                "sha256:a6b5f14cd24a2ed06e14255ff40fe2ea0cfaef79a8dd68069b7ace74bd6acbba",
                "sha256:b42b120458636a981077cfcfa8568c031b3e8709701315e2bfa866324a83efa8",
                "sha256:c4af689352c4fe3d75b2834933ee9d0ccdbf5d7a8a7264f0ce9524e877820c08",
                "sha256:c7319b6e68de14e6209460f72a8d1ef13c09fb3d3ef6c37c1e65b35d50b5c145",
                "sha256:cf3f0c361a4270185baa89ec7ab92ecaa355fe783791457077473f974f654df5",
                "sha256:dd46bde7309088481b1cf9c58e3f0e204b9ff9e3244f441accd220dd3365ce7c",
                "sha256:dd5476b6c3fe410ee95926873f377b856dbc4e81a9c605a0dc05aaccc6a7c6c6",
                "sha256:e69140bc2d29a8556f55445c15f5794490852af3de0f609a24003ef174528b79",
                "sha256:f908a77cbeef9bbd646bd4b81214cbef9ac3dda4181d5092a4aa9797d1bc7774"
            ],
            "index": "pypi",
            "version": "==2.0.2"
        },
        "pyparsing": {
            "hashes": [
                "sha256:2b020ecf7d21b687f219b71ecad3631f644a47f01403fa1d1036b0c6416d70fb",
                "sha256:5026bae9a10eeaefb61dab2f09052b9f4307d44aee4eda64b309723d8d206bbc"
            ],
            "markers": "python_full_version >= '3.6.8'",
            "version": "==3.0.9"
        },
        "python-dateutil": {
            "hashes": [
                "sha256:0123cacc1627ae19ddf3c27a5de5bd67ee4586fbdd6440d9748f8abb483d3e86",
                "sha256:961d03dc3453ebbc59dbdea9e4e11c5651520a876d0f4db161e8674aae935da9"
            ],
            "markers": "python_version >= '2.7' and python_version not in '3.0, 3.1, 3.2, 3.3'",
            "version": "==2.8.2"
        },
        "pytz": {
            "hashes": [
                "sha256:1d8ce29db189191fb55338ee6d0387d82ab59f3d00eac103412d64e0ebd0c588",
                "sha256:a151b3abb88eda1d4e34a9814df37de2a80e301e68ba0fd856fb9b46bfbbbffb"
            ],
            "version": "==2023.3"
        },
        "rasterio": {
            "hashes": [
                "sha256:075731165d26ef33e33e3ab903a0ecabb643893794bea1c78dd6c631713d1820",
                "sha256:106e6519f5d2a0d35f0e963a8d07dc313ba7f6595a4c89fe9d6dcd8662a86617",
                "sha256:41f233b7c85a74d66da4e31e37cfabe3c1aa116260063519d49f266e278bd4b3",
                "sha256:5247affa7122f3c10a82d8cfa56b89fb60bfb981e4a22ebad8889d1caa138215",
                "sha256:58d3d42cf06645f694911ea2707e6204868006784e0df3540e05e4615209b9c3",
                "sha256:a8013826cdf540fb4f1507f92bb4ef440b594a4a8895d9038e25498e5b135f52",
                "sha256:a97610a2997d9dc246ccd3f1361fdd63ae0b23a676e68af4f018f03e8c8a7592",
                "sha256:abfdcb8f10210b8fad939f40d545d6c47e9e3b5cf4a43773ca8dd11c58204304",
                "sha256:b4ad780117fefcd0fb81e2459d409a722f5964d1f655252278c7c56eb18f7ae6",
                "sha256:baab6f3ba468d3b3ada05b282574af0f3110830f50888948d50c1f16aa6130af",
                "sha256:c04a4932807ae64642f18d7c3f7cf504cb6703ec35496d07f2e5679ec5b9c4d3",
                "sha256:c2ddc9cb2ccb0d296ca8c9da8af73b4d1c03c887a7dabbb4b4a6fa1e7450c1e7",
                "sha256:cd21347b58fb60f2f0a8f7eb95ce58680590e205dee80562a67e868eebaaeea5",
                "sha256:ce334df60b9d6ea66751b03afd1d138a551d27f2588e95ac6d7479856bb575a8",
                "sha256:d6fa64dfda2ce1fe4c8b4e61d6e476ab3f389ac679e49b5386bb83708939a1b2",
                "sha256:e3c06f1a62b28437c908851f0fc67abc6b31fce4a535e88e92311e73b8709996",
                "sha256:feebf547b6785d57330f9ef69af54534a9548b24510c4e2fe87e5b9355112c28"
            ],
            "index": "pypi",
            "version": "==1.3.7"
        },
        "setuptools": {
            "hashes": [
                "sha256:5df61bf30bb10c6f756eb19e7c9f3b473051f48db77fddbe06ff2ca307df9a6f",
                "sha256:62642358adc77ffa87233bc4d2354c4b2682d214048f500964dbe760ccedf102"
            ],
            "markers": "python_version >= '3.7'",
            "version": "==67.8.0"
        },
        "six": {
            "hashes": [
                "sha256:1e61c37477a1626458e36f7b1d82aa5c9b094fa4802892072e49de9c60c4c926",
                "sha256:8abb2f1d86890a2dfb989f9a77cfcfd3e47c2a354b01111771326f8aa26e0254"
            ],
            "markers": "python_version >= '2.7' and python_version not in '3.0, 3.1, 3.2, 3.3'",
            "version": "==1.16.0"
        },
        "snuggs": {
            "hashes": [
                "sha256:501cf113fe3892e14e2fee76da5cd0606b7e149c411c271898e6259ebde2617b",
                "sha256:988dde5d4db88e9d71c99457404773dabcc7a1c45971bfbe81900999942d9f07"
            ],
            "version": "==1.4.7"
        },
        "tzdata": {
            "hashes": [
                "sha256:11ef1e08e54acb0d4f95bdb1be05da659673de4acbd21bf9c69e94cc5e907a3a",
                "sha256:7e65763eef3120314099b6939b5546db7adce1e7d6f2e179e3df563c70511eda"
            ],
            "markers": "python_version >= '2'",
            "version": "==2023.3"
        }
    },
    "develop": {}
}
